
Microsoft Visual Studio Solution File, Format Version 12.00
# Visual Studio Version 16
VisualStudioVersion = 16.0.29905.134
MinimumVisualStudioVersion = 10.0.40219.1
Project("{FAE04EC0-301F-11D3-BF4B-00C04F79EFBC}") = "Database Connector", "Database Connector.csproj", "{9AA5668B-9CEE-4272-A531-586B8BBA94FD}"
EndProject
Global
	GlobalSection(SolutionConfigurationPlatforms) = preSolution
		Debug|Any CPU = Debug|Any CPU
		Release|Any CPU = Release|Any CPU
	EndGlobalSection
	GlobalSection(ProjectConfigurationPlatforms) = postSolution
		{9AA5668B-9CEE-4272-A531-586B8BBA94FD}.Debug|Any CPU.ActiveCfg = Debug|Any CPU
		{9AA5668B-9CEE-4272-A531-586B8BBA94FD}.Debug|Any CPU.Build.0 = Debug|Any CPU
		{9AA5668B-9CEE-4272-A531-586B8BBA94FD}.Release|Any CPU.ActiveCfg = Release|Any CPU
		{9AA5668B-9CEE-4272-A531-586B8BBA94FD}.Release|Any CPU.Build.0 = Release|Any CPU
	EndGlobalSection
	GlobalSection(SolutionProperties) = preSolution
		HideSolutionNode = FALSE
	EndGlobalSection
	GlobalSection(ExtensibilityGlobals) = postSolution
		SolutionGuid = {692B3FE1-8A44-4C54-88B7-6785A4829D5D}
	EndGlobalSection
EndGlobal
